
Microsoft Visual Studio Solution File, Format Version 12.00
# Visual Studio 15
VisualStudioVersion = 15.0.28307.438
MinimumVisualStudioVersion = 10.0.40219.1
Project("{FAE04EC0-301F-11D3-BF4B-00C04F79EFBC}") = "CSC200 Module 02", "CSC200 Module 02\CSC200 Module 02.csproj", "{39AF2134-4D20-4069-AE8B-71734B9ECE95}"
EndProject
Global
	GlobalSection(SolutionConfigurationPlatforms) = preSolution
		Debug|Any CPU = Debug|Any CPU
		Release|Any CPU = Release|Any CPU
	EndGlobalSection
	GlobalSection(ProjectConfigurationPlatforms) = postSolution
		{39AF2134-4D20-4069-AE8B-71734B9ECE95}.Debug|Any CPU.ActiveCfg = Debug|Any CPU
		{39AF2134-4D20-4069-AE8B-71734B9ECE95}.Debug|Any CPU.Build.0 = Debug|Any CPU
		{39AF2134-4D20-4069-AE8B-71734B9ECE95}.Release|Any CPU.ActiveCfg = Release|Any CPU
		{39AF2134-4D20-4069-AE8B-71734B9ECE95}.Release|Any CPU.Build.0 = Release|Any CPU
	EndGlobalSection
	GlobalSection(SolutionProperties) = preSolution
		HideSolutionNode = FALSE
	EndGlobalSection
	GlobalSection(ExtensibilityGlobals) = postSolution
		SolutionGuid = {55C5DB2E-FCEE-4374-8E74-2986018560C7}
	EndGlobalSection
EndGlobal
